{
  "name": "postman-openapi-converter",
  "version": "1.0.0",
  "lockfileVersion": 3,
  "requires": true,
  "packages": {
    "": {
      "name": "postman-openapi-converter",
      "version": "1.0.0",
      "dependencies": {
        "postman2openapi": "^1.2.1"
      }
    },
    "node_modules/postman2openapi": {
      "version": "1.2.1",
      "resolved": "https://registry.npmjs.org/postman2openapi/-/postman2openapi-1.2.1.tgz",
      "integrity": "sha512-+TaKfRhln6/TDPT8c0C5qMkJq+DqyybQlHL9RZx2INBNd0jNj3ufhk3VGUmXnX8rPabbKdvt6ojtxVQGMdg9zQ==",
      "license": "Apache-2.0"
    }
  }
}
